
Microsoft Visual Studio Solution File, Format Version 12.00
# Visual Studio 2013
VisualStudioVersion = 12.0.30723.0
MinimumVisualStudioVersion = 10.0.40219.1
Project("{FAE04EC0-301F-11D3-BF4B-00C04F79EFBC}") = "LYZJ.UserLimitMVC.Model", "LYZJ.UserLimitMVC.Model\LYZJ.UserLimitMVC.Model.csproj", "{E28A8437-09C3-4447-8D09-598AE5242E32}"
EndProject
Project("{FAE04EC0-301F-11D3-BF4B-00C04F79EFBC}") = "LYZJ.UserLimitMVC.DAL", "LYZJ.UserLimitMVC.DAL\LYZJ.UserLimitMVC.DAL.csproj", "{96BC7B9F-2736-4598-8D1A-D267D73B1C0F}"
EndProject
Project("{FAE04EC0-301F-11D3-BF4B-00C04F79EFBC}") = "LYZJ.UserLimitMVC.BLL", "LYZJ.UserLimitMVC.BLL\LYZJ.UserLimitMVC.BLL.csproj", "{7C98324B-5259-40F2-8BD2-6C46EE4542BB}"
EndProject
Project("{FAE04EC0-301F-11D3-BF4B-00C04F79EFBC}") = "LYZJ.UserLimitMVC.Common", "LYZJ.UserLimitMVC.Common\LYZJ.UserLimitMVC.Common.csproj", "{4E1D919C-59DE-4A38-BBAF-067646CA0028}"
EndProject
Project("{FAE04EC0-301F-11D3-BF4B-00C04F79EFBC}") = "LYZJ.UserLimitMVC.IDAL", "LYZJ.UserLimitMVC.IDAL\LYZJ.UserLimitMVC.IDAL.csproj", "{D7339EEA-7CA8-4898-BA40-052DA33253C0}"
EndProject
Project("{FAE04EC0-301F-11D3-BF4B-00C04F79EFBC}") = "LYZJ.UserLimitMVC.UI.Portal", "LYZJ.UserLimitMVC.UI.Portal\LYZJ.UserLimitMVC.UI.Portal.csproj", "{68DAC86C-94C4-4E63-99C4-404370D11725}"
EndProject
Project("{FAE04EC0-301F-11D3-BF4B-00C04F79EFBC}") = "LYZJ.UserLimitMVC.IBLL", "LYZJ.UserLimitMVC.IBLL\LYZJ.UserLimitMVC.IBLL.csproj", "{E76740B0-BA21-45E5-BBE0-207C92C438DC}"
EndProject
Project("{2150E333-8FDC-42A3-9474-1A3956D46DE8}") = "Implement", "Implement", "{D6AB7CA0-AD62-4DB2-8FB4-07D9E6107398}"
EndProject
Project("{2150E333-8FDC-42A3-9474-1A3956D46DE8}") = "Interface", "Interface", "{0DFD20C9-67DC-401C-B60F-6F357CEC76D1}"
EndProject
Project("{2150E333-8FDC-42A3-9474-1A3956D46DE8}") = "Model", "Model", "{B2C051A4-2CC8-4A1D-9B2C-D5509F304568}"
EndProject
Project("{2150E333-8FDC-42A3-9474-1A3956D46DE8}") = "DOC", "DOC", "{56EBCD65-BDE0-40AA-BAD5-37523660719C}"
	ProjectSection(SolutionItems) = preProject
		DOC\ASP.NET MVC+EF框架+EasyUI实现权限管理系列数据库.docx = DOC\ASP.NET MVC+EF框架+EasyUI实现权限管理系列数据库.docx
		DOC\SQL脚本，权限系统.sql = DOC\SQL脚本，权限系统.sql
	EndProjectSection
EndProject
Global
	GlobalSection(SolutionConfigurationPlatforms) = preSolution
		Debug|Any CPU = Debug|Any CPU
		Release|Any CPU = Release|Any CPU
	EndGlobalSection
	GlobalSection(ProjectConfigurationPlatforms) = postSolution
		{E28A8437-09C3-4447-8D09-598AE5242E32}.Debug|Any CPU.ActiveCfg = Debug|Any CPU
		{E28A8437-09C3-4447-8D09-598AE5242E32}.Debug|Any CPU.Build.0 = Debug|Any CPU
		{E28A8437-09C3-4447-8D09-598AE5242E32}.Release|Any CPU.ActiveCfg = Release|Any CPU
		{E28A8437-09C3-4447-8D09-598AE5242E32}.Release|Any CPU.Build.0 = Release|Any CPU
		{96BC7B9F-2736-4598-8D1A-D267D73B1C0F}.Debug|Any CPU.ActiveCfg = Debug|Any CPU
		{96BC7B9F-2736-4598-8D1A-D267D73B1C0F}.Debug|Any CPU.Build.0 = Debug|Any CPU
		{96BC7B9F-2736-4598-8D1A-D267D73B1C0F}.Release|Any CPU.ActiveCfg = Release|Any CPU
		{96BC7B9F-2736-4598-8D1A-D267D73B1C0F}.Release|Any CPU.Build.0 = Release|Any CPU
		{7C98324B-5259-40F2-8BD2-6C46EE4542BB}.Debug|Any CPU.ActiveCfg = Debug|Any CPU
		{7C98324B-5259-40F2-8BD2-6C46EE4542BB}.Debug|Any CPU.Build.0 = Debug|Any CPU
		{7C98324B-5259-40F2-8BD2-6C46EE4542BB}.Release|Any CPU.ActiveCfg = Release|Any CPU
		{7C98324B-5259-40F2-8BD2-6C46EE4542BB}.Release|Any CPU.Build.0 = Release|Any CPU
		{4E1D919C-59DE-4A38-BBAF-067646CA0028}.Debug|Any CPU.ActiveCfg = Debug|Any CPU
		{4E1D919C-59DE-4A38-BBAF-067646CA0028}.Debug|Any CPU.Build.0 = Debug|Any CPU
		{4E1D919C-59DE-4A38-BBAF-067646CA0028}.Release|Any CPU.ActiveCfg = Release|Any CPU
		{4E1D919C-59DE-4A38-BBAF-067646CA0028}.Release|Any CPU.Build.0 = Release|Any CPU
		{D7339EEA-7CA8-4898-BA40-052DA33253C0}.Debug|Any CPU.ActiveCfg = Debug|Any CPU
		{D7339EEA-7CA8-4898-BA40-052DA33253C0}.Debug|Any CPU.Build.0 = Debug|Any CPU
		{D7339EEA-7CA8-4898-BA40-052DA33253C0}.Release|Any CPU.ActiveCfg = Release|Any CPU
		{D7339EEA-7CA8-4898-BA40-052DA33253C0}.Release|Any CPU.Build.0 = Release|Any CPU
		{68DAC86C-94C4-4E63-99C4-404370D11725}.Debug|Any CPU.ActiveCfg = Debug|Any CPU
		{68DAC86C-94C4-4E63-99C4-404370D11725}.Debug|Any CPU.Build.0 = Debug|Any CPU
		{68DAC86C-94C4-4E63-99C4-404370D11725}.Release|Any CPU.ActiveCfg = Release|Any CPU
		{68DAC86C-94C4-4E63-99C4-404370D11725}.Release|Any CPU.Build.0 = Release|Any CPU
		{E76740B0-BA21-45E5-BBE0-207C92C438DC}.Debug|Any CPU.ActiveCfg = Debug|Any CPU
		{E76740B0-BA21-45E5-BBE0-207C92C438DC}.Debug|Any CPU.Build.0 = Debug|Any CPU
		{E76740B0-BA21-45E5-BBE0-207C92C438DC}.Release|Any CPU.ActiveCfg = Release|Any CPU
		{E76740B0-BA21-45E5-BBE0-207C92C438DC}.Release|Any CPU.Build.0 = Release|Any CPU
	EndGlobalSection
	GlobalSection(SolutionProperties) = preSolution
		HideSolutionNode = FALSE
	EndGlobalSection
	GlobalSection(NestedProjects) = preSolution
		{E28A8437-09C3-4447-8D09-598AE5242E32} = {B2C051A4-2CC8-4A1D-9B2C-D5509F304568}
		{96BC7B9F-2736-4598-8D1A-D267D73B1C0F} = {D6AB7CA0-AD62-4DB2-8FB4-07D9E6107398}
		{7C98324B-5259-40F2-8BD2-6C46EE4542BB} = {D6AB7CA0-AD62-4DB2-8FB4-07D9E6107398}
		{4E1D919C-59DE-4A38-BBAF-067646CA0028} = {B2C051A4-2CC8-4A1D-9B2C-D5509F304568}
		{D7339EEA-7CA8-4898-BA40-052DA33253C0} = {0DFD20C9-67DC-401C-B60F-6F357CEC76D1}
		{E76740B0-BA21-45E5-BBE0-207C92C438DC} = {0DFD20C9-67DC-401C-B60F-6F357CEC76D1}
	EndGlobalSection
	GlobalSection(Performance) = preSolution
		HasPerformanceSessions = true
	EndGlobalSection
EndGlobal
